
Microsoft Visual Studio Solution File, Format Version 12.00
# Visual Studio Version 17
VisualStudioVersion = 17.14.36212.18
MinimumVisualStudioVersion = 10.0.40219.1
Project("{FAE04EC0-301F-11D3-BF4B-00C04F79EFBC}") = "PDFManagerV2.Desktop", "PDFManagerV2.Desktop\PDFManagerV2.Desktop.csproj", "{44F7B837-DA79-4880-AC91-E33F091D0FD5}"
EndProject
Project("{FAE04EC0-301F-11D3-BF4B-00C04F79EFBC}") = "PDFManagerV2.Core", "PDFManagerV2.Core\PDFManagerV2.Core.csproj", "{61CD6E56-266F-4968-94B5-AF2A167E8045}"
EndProject
Project("{FAE04EC0-301F-11D3-BF4B-00C04F79EFBC}") = "PDFManagerV2.UseCases", "PDFManagerV2.UseCases\PDFManagerV2.UseCases.csproj", "{E46B6067-33F5-4A7F-8C29-60D384C46B24}"
EndProject
Project("{FAE04EC0-301F-11D3-BF4B-00C04F79EFBC}") = "PDFManagerV2.Shared", "PDFManagerV2.Shared\PDFManagerV2.Shared.csproj", "{984BFC02-5F91-4A08-AAFC-0A16C8F93259}"
EndProject
Global
	GlobalSection(SolutionConfigurationPlatforms) = preSolution
		Debug|Any CPU = Debug|Any CPU
		Release|Any CPU = Release|Any CPU
	EndGlobalSection
	GlobalSection(ProjectConfigurationPlatforms) = postSolution
		{44F7B837-DA79-4880-AC91-E33F091D0FD5}.Debug|Any CPU.ActiveCfg = Debug|Any CPU
		{44F7B837-DA79-4880-AC91-E33F091D0FD5}.Debug|Any CPU.Build.0 = Debug|Any CPU
		{44F7B837-DA79-4880-AC91-E33F091D0FD5}.Release|Any CPU.ActiveCfg = Release|Any CPU
		{44F7B837-DA79-4880-AC91-E33F091D0FD5}.Release|Any CPU.Build.0 = Release|Any CPU
		{61CD6E56-266F-4968-94B5-AF2A167E8045}.Debug|Any CPU.ActiveCfg = Debug|Any CPU
		{61CD6E56-266F-4968-94B5-AF2A167E8045}.Debug|Any CPU.Build.0 = Debug|Any CPU
		{61CD6E56-266F-4968-94B5-AF2A167E8045}.Release|Any CPU.ActiveCfg = Release|Any CPU
		{61CD6E56-266F-4968-94B5-AF2A167E8045}.Release|Any CPU.Build.0 = Release|Any CPU
		{E46B6067-33F5-4A7F-8C29-60D384C46B24}.Debug|Any CPU.ActiveCfg = Debug|Any CPU
		{E46B6067-33F5-4A7F-8C29-60D384C46B24}.Debug|Any CPU.Build.0 = Debug|Any CPU
		{E46B6067-33F5-4A7F-8C29-60D384C46B24}.Release|Any CPU.ActiveCfg = Release|Any CPU
		{E46B6067-33F5-4A7F-8C29-60D384C46B24}.Release|Any CPU.Build.0 = Release|Any CPU
		{984BFC02-5F91-4A08-AAFC-0A16C8F93259}.Debug|Any CPU.ActiveCfg = Debug|Any CPU
		{984BFC02-5F91-4A08-AAFC-0A16C8F93259}.Debug|Any CPU.Build.0 = Debug|Any CPU
		{984BFC02-5F91-4A08-AAFC-0A16C8F93259}.Release|Any CPU.ActiveCfg = Release|Any CPU
		{984BFC02-5F91-4A08-AAFC-0A16C8F93259}.Release|Any CPU.Build.0 = Release|Any CPU
	EndGlobalSection
	GlobalSection(SolutionProperties) = preSolution
		HideSolutionNode = FALSE
	EndGlobalSection
	GlobalSection(ExtensibilityGlobals) = postSolution
		SolutionGuid = {6F1EC552-8E19-441D-8AB5-57732AA7C7F3}
	EndGlobalSection
EndGlobal
